github.com/aws/aws-sdk-go-v2 v1.26.1 h1:5554eUqIYVWpU0YmeeYZ0wU64H2VLBs8TlhRB2L+EkA=
github.com/aws/aws-sdk-go-v2 v1.26.1/go.mod h1:ffIFB97e2yNsv4aTSGkqtHnppsIJzw7G7BReUZ3jCXM=
github.com/aws/aws-sdk-go-v2 v1.39.2 h1:EJLg8IdbzgeD7xgvZ+I8M1e0fL0ptn/M47lianzth0I=
github.com/aws/aws-sdk-go-v2 v1.39.2/go.mod h1:sDioUELIUO9Znk23YVmIk86/9DOpkbyyVb1i/gUNFXY=
github.com/aws/aws-sdk-go-v2/config v1.27.11 h1:f47rANd2LQEYHda2ddSCKYId18/8BhSRM4BULGmfgNA=
github.com/aws/aws-sdk-go-v2/config v1.27.11/go.mod h1:SMsV78RIOYdve1vf36z8LmnszlRWkwMQtomCAI0/mIE=
github.com/aws/aws-sdk-go-v2/config v1.31.11 h1:6QOO1mP0MgytbfKsL/r/gE1P6/c/4pPzrrU3hKxa5fs=
github.com/aws/aws-sdk-go-v2/config v1.31.11/go.mod h1:KzpDsPX/dLxaUzoqM3sN2NOhbQIW4HW/0W8rQA1YFEs=
github.com/aws/aws-sdk-go-v2/credentials v1.17.11 h1:YuIB1dJNf1Re822rriUOTxopaHHvIq0l/pX3fwO+Tzs=
github.com/aws/aws-sdk-go-v2/credentials v1.17.11/go.mod h1:AQtFPsDH9bI2O+71anW6EKL+NcD7LG3dpKGMV4SShgo=
github.com/aws/aws-sdk-go-v2/credentials v1.18.15 h1:Gqy7/05KEfUSulSvwxnB7t8DuZMR3ShzNcwmTD6HOLU=
github.com/aws/aws-sdk-go-v2/credentials v1.18.15/go.mod h1:VWDWSRpYHjcjURRaQ7NUzgeKFN8Iv31+EOMT/W+bFyc=
github.com/aws/aws-sdk-go-v2/feature/ec2/imds v1.16.1 h1:FVJ0r5XTHSmIHJV6KuDmdYhEpvlHpiSd38RQWhut5J4=
github.com/aws/aws-sdk-go-v2/feature/ec2/imds v1.16.1/go.mod h1:zusuAeqezXzAB24LGuzuekqMAEgWkVYukBec3kr3jUg=
github.com/aws/aws-sdk-go-v2/feature/ec2/imds v1.18.9 h1:Mv4Bc0mWmv6oDuSWTKnk+wgeqPL5DRFu5bQL9BGPQ8Y=
github.com/aws/aws-sdk-go-v2/feature/ec2/imds v1.18.9/go.mod h1:IKlKfRppK2a1y0gy1yH6zD+yX5uplJ6UuPlgd48dJiQ=
github.com/aws/aws-sdk-go-v2/internal/configsources v1.3.5 h1:aw39xVGeRWlWx9EzGVnhOR4yOjQDHPQ6o6NmBlscyQg=
github.com/aws/aws-sdk-go-v2/internal/configsources v1.3.5/go.mod h1:FSaRudD0dXiMPK2UjknVwwTYyZMRsHv3TtkabsZih5I=
github.com/aws/aws-sdk-go-v2/internal/configsources v1.4.9 h1:se2vOWGD3dWQUtfn4wEjRQJb1HK1XsNIt825gskZ970=
github.com/aws/aws-sdk-go-v2/internal/configsources v1.4.9/go.mod h1:hijCGH2VfbZQxqCDN7bwz/4dzxV+hkyhjawAtdPWKZA=
github.com/aws/aws-sdk-go-v2/internal/endpoints/v2 v2.6.5 h1:PG1F3OD1szkuQPzDw3CIQsRIrtTlUC3lP84taWzHlq0=
github.com/aws/aws-sdk-go-v2/internal/endpoints/v2 v2.6.5/go.mod h1:jU1li6RFryMz+so64PpKtudI+QzbKoIEivqdf6LNpOc=
github.com/aws/aws-sdk-go-v2/internal/endpoints/v2 v2.7.9 h1:6RBnKZLkJM4hQ+kN6E7yWFveOTg8NLPHAkqrs4ZPlTU=
github.com/aws/aws-sdk-go-v2/internal/endpoints/v2 v2.7.9/go.mod h1:V9rQKRmK7AWuEsOMnHzKj8WyrIir1yUJbZxDuZLFvXI=
github.com/aws/aws-sdk-go-v2/internal/ini v1.8.0 h1:hT8rVHwugYE2lEfdFE0QWVo81lF7jMrYJVDWI+f+VxU=
github.com/aws/aws-sdk-go-v2/internal/ini v1.8.0/go.mod h1:8tu/lYfQfFe6IGnaOdrpVgEL2IrrDOf6/m9RQum4NkY=
github.com/aws/aws-sdk-go-v2/internal/ini v1.8.3 h1:bIqFDwgGXXN1Kpp99pDOdKMTTb5d2KyU5X/BZxjOkRo=
github.com/aws/aws-sdk-go-v2/internal/ini v1.8.3/go.mod h1:H5O/EsxDWyU+LP/V8i5sm8cxoZgc2fdNR9bxlOFrQTo=
github.com/aws/aws-sdk-go-v2/service/internal/accept-encoding v1.11.2 h1:Ji0DY1xUsUr3I8cHps0G+XM3WWU16lP6yG8qu1GAZAs=
github.com/aws/aws-sdk-go-v2/service/internal/accept-encoding v1.11.2/go.mod h1:5CsjAbs3NlGQyZNFACh+zztPDI7fU6eW9QsxjfnuBKg=
github.com/aws/aws-sdk-go-v2/service/internal/accept-encoding v1.13.1 h1:oegbebPEMA/1Jny7kvwejowCaHz1FWZAQ94WXFNCyTM=
github.com/aws/aws-sdk-go-v2/service/internal/accept-encoding v1.13.1/go.mod h1:kemo5Myr9ac0U9JfSjMo9yHLtw+pECEHsFtJ9tqCEI8=
github.com/aws/aws-sdk-go-v2/service/internal/presigned-url v1.11.7 h1:ogRAwT1/gxJBcSWDMZlgyFUM962F51A5CRhDLbxLdmo=
github.com/aws/aws-sdk-go-v2/service/internal/presigned-url v1.11.7/go.mod h1:YCsIZhXfRPLFFCl5xxY+1T9RKzOKjCut+28JSX2DnAk=
github.com/aws/aws-sdk-go-v2/service/internal/presigned-url v1.13.9 h1:5r34CgVOD4WZudeEKZ9/iKpiT6cM1JyEROpXjOcdWv8=
github.com/aws/aws-sdk-go-v2/service/internal/presigned-url v1.13.9/go.mod h1:dB12CEbNWPbzO2uC6QSWHteqOg4JfBVJOojbAoAUb5I=
github.com/aws/aws-sdk-go-v2/service/sso v1.20.5 h1:vN8hEbpRnL7+Hopy9dzmRle1xmDc7o8tmY0klsr175w=
github.com/aws/aws-sdk-go-v2/service/sso v1.20.5/go.mod h1:qGzynb/msuZIE8I75DVRCUXw3o3ZyBmUvMwQ2t/BrGM=
github.com/aws/aws-sdk-go-v2/service/sso v1.29.5 h1:WwL5YLHabIBuAlEKRoLgqLz1LxTvCEpwsQr7MiW/vnM=
github.com/aws/aws-sdk-go-v2/service/sso v1.29.5/go.mod h1:5PfYspyCU5Vw1wNPsxi15LZovOnULudOQuVxphSflQA=
github.com/aws/aws-sdk-go-v2/service/ssooidc v1.23.4 h1:Jux+gDDyi1Lruk+KHF91tK2KCuY61kzoCpvtvJJBtOE=
github.com/aws/aws-sdk-go-v2/service/ssooidc v1.23.4/go.mod h1:mUYPBhaF2lGiukDEjJX2BLRRKTmoUSitGDUgM4tRxak=
github.com/aws/aws-sdk-go-v2/service/ssooidc v1.35.1 h1:5fm5RTONng73/QA73LhCNR7UT9RpFH3hR6HWL6bIgVY=
github.com/aws/aws-sdk-go-v2/service/ssooidc v1.35.1/go.mod h1:xBEjWD13h+6nq+z4AkqSfSvqRKFgDIQeaMguAJndOWo=
github.com/aws/aws-sdk-go-v2/service/sts v1.28.6 h1:cwIxeBttqPN3qkaAjcEcsh8NYr8n2HZPkcKgPAi1phU=
github.com/aws/aws-sdk-go-v2/service/sts v1.28.6/go.mod h1:FZf1/nKNEkHdGGJP/cI2MoIMquumuRK6ol3QQJNDxmw=
github.com/aws/aws-sdk-go-v2/service/sts v1.38.6 h1:p3jIvqYwUZgu/XYeI48bJxOhvm47hZb5HUQ0tn6Q9kA=
github.com/aws/aws-sdk-go-v2/service/sts v1.38.6/go.mod h1:WtKK+ppze5yKPkZ0XwqIVWD4beCwv056ZbPQNoeHqM8=
github.com/aws/smithy-go v1.20.2 h1:tbp628ireGtzcHDDmLT/6ADHidqnwgF57XOXZe6tp4Q=
github.com/aws/smithy-go v1.20.2/go.mod h1:krry+ya/rV9RDcV/Q16kpu6ypI4K2czasz0NC3qS14E=
github.com/aws/smithy-go v1.23.0 h1:8n6I3gXzWJB2DxBDnfxgBaSX6oe0d/t10qGz7OKqMCE=
github.com/aws/smithy-go v1.23.0/go.mod h1:t1ufH5HMublsJYulve2RKmHDC15xu1f26kHCp/HgceI=
